// !$*UTF8*$!
{
	archiveVersion = 1;
	classes = {
	};
	objectVersion = 56;
	objects = {

/* Begin PBXBuildFile section */
		4E0CF4742C9602E2004BF4C9 /* ModelVPN.swift in Sources */ = {isa = PBXBuildFile; fileRef = 4E0CF4732C9602E2004BF4C9 /* ModelVPN.swift */; };
		4E0CF47E2C9763C7004BF4C9 /* StoreKit.framework in Frameworks */ = {isa = PBXBuildFile; fileRef = 4E0CF47D2C9763C7004BF4C9 /* StoreKit.framework */; };
		4E209B722C92DA2200BA727D /* AddNewServer.swift in Sources */ = {isa = PBXBuildFile; fileRef = 4E209B712C92DA2200BA727D /* AddNewServer.swift */; };
		4E2F87BD2C9F21DF007F0002 /* ModelMap.swift in Sources */ = {isa = PBXBuildFile; fileRef = 4E2F87BC2C9F21DF007F0002 /* ModelMap.swift */; };
		4E3983762C88CF30001346C5 /* MainCell.swift in Sources */ = {isa = PBXBuildFile; fileRef = 4E3983752C88CF30001346C5 /* MainCell.swift */; };
		4E3983782C88D029001346C5 /* Extensions.swift in Sources */ = {isa = PBXBuildFile; fileRef = 4E3983772C88D029001346C5 /* Extensions.swift */; };
		4E56EEB62C846C71004E28EC /* AppDelegate.swift in Sources */ = {isa = PBXBuildFile; fileRef = 4E56EEB52C846C71004E28EC /* AppDelegate.swift */; };
		4E56EEB82C846C71004E28EC /* SceneDelegate.swift in Sources */ = {isa = PBXBuildFile; fileRef = 4E56EEB72C846C71004E28EC /* SceneDelegate.swift */; };
		4E56EEBA2C846C71004E28EC /* Main.swift in Sources */ = {isa = PBXBuildFile; fileRef = 4E56EEB92C846C71004E28EC /* Main.swift */; };
		4E56EEBD2C846C71004E28EC /* Base in Resources */ = {isa = PBXBuildFile; fileRef = 4E56EEBC2C846C71004E28EC /* Base */; };
		4E56EEBF2C846C73004E28EC /* Assets.xcassets in Resources */ = {isa = PBXBuildFile; fileRef = 4E56EEBE2C846C73004E28EC /* Assets.xcassets */; };
		4E56EEC22C846C73004E28EC /* Base in Resources */ = {isa = PBXBuildFile; fileRef = 4E56EEC12C846C73004E28EC /* Base */; };
		4E56EECA2C84FDA2004E28EC /* VPN.swift in Sources */ = {isa = PBXBuildFile; fileRef = 4E56EEC92C84FDA2004E28EC /* VPN.swift */; };
		4EBB0A982C9874220079F7F5 /* AddNewVPN.swift in Sources */ = {isa = PBXBuildFile; fileRef = 4EBB0A972C9874220079F7F5 /* AddNewVPN.swift */; };
		4ED9757C2C94ECDE0054697E /* OnBoard.swift in Sources */ = {isa = PBXBuildFile; fileRef = 4ED9757B2C94ECDE0054697E /* OnBoard.swift */; };
/* End PBXBuildFile section */

/* Begin PBXCopyFilesBuildPhase section */
		4E0CF46D2C95F07E004BF4C9 /* Embed Foundation Extensions */ = {
			isa = PBXCopyFilesBuildPhase;
			buildActionMask = 2147483647;
			dstPath = "";
			dstSubfolderSpec = 13;
			files = (
			);
			name = "Embed Foundation Extensions";
			runOnlyForDeploymentPostprocessing = 0;
		};
/* End PBXCopyFilesBuildPhase section */

/* Begin PBXFileReference section */
		4E0CF4572C95F07C004BF4C9 /* WidgetKit.framework */ = {isa = PBXFileReference; lastKnownFileType = wrapper.framework; name = WidgetKit.framework; path = System/Library/Frameworks/WidgetKit.framework; sourceTree = SDKROOT; };
		4E0CF4592C95F07D004BF4C9 /* SwiftUI.framework */ = {isa = PBXFileReference; lastKnownFileType = wrapper.framework; name = SwiftUI.framework; path = System/Library/Frameworks/SwiftUI.framework; sourceTree = SDKROOT; };
		4E0CF4732C9602E2004BF4C9 /* ModelVPN.swift */ = {isa = PBXFileReference; lastKnownFileType = sourcecode.swift; path = ModelVPN.swift; sourceTree = "<group>"; };
		4E0CF47D2C9763C7004BF4C9 /* StoreKit.framework */ = {isa = PBXFileReference; lastKnownFileType = wrapper.framework; name = StoreKit.framework; path = System/Library/Frameworks/StoreKit.framework; sourceTree = SDKROOT; };
		4E209B712C92DA2200BA727D /* AddNewServer.swift */ = {isa = PBXFileReference; lastKnownFileType = sourcecode.swift; path = AddNewServer.swift; sourceTree = "<group>"; };
		4E2F87BC2C9F21DF007F0002 /* ModelMap.swift */ = {isa = PBXFileReference; lastKnownFileType = sourcecode.swift; path = ModelMap.swift; sourceTree = "<group>"; };
		4E3910412C90A440007C58AD /* molodorya.vpn.entitlements */ = {isa = PBXFileReference; lastKnownFileType = text.plist.entitlements; path = molodorya.vpn.entitlements; sourceTree = "<group>"; };
		4E3983752C88CF30001346C5 /* MainCell.swift */ = {isa = PBXFileReference; lastKnownFileType = sourcecode.swift; path = MainCell.swift; sourceTree = "<group>"; };
		4E3983772C88D029001346C5 /* Extensions.swift */ = {isa = PBXFileReference; lastKnownFileType = sourcecode.swift; path = Extensions.swift; sourceTree = "<group>"; };
		4E56EEB22C846C71004E28EC /* molodorya.vpn.app */ = {isa = PBXFileReference; explicitFileType = wrapper.application; includeInIndex = 0; path = molodorya.vpn.app; sourceTree = BUILT_PRODUCTS_DIR; };
		4E56EEB52C846C71004E28EC /* AppDelegate.swift */ = {isa = PBXFileReference; lastKnownFileType = sourcecode.swift; path = AppDelegate.swift; sourceTree = "<group>"; };
		4E56EEB72C846C71004E28EC /* SceneDelegate.swift */ = {isa = PBXFileReference; lastKnownFileType = sourcecode.swift; path = SceneDelegate.swift; sourceTree = "<group>"; };
		4E56EEB92C846C71004E28EC /* Main.swift */ = {isa = PBXFileReference; lastKnownFileType = sourcecode.swift; path = Main.swift; sourceTree = "<group>"; };
		4E56EEBC2C846C71004E28EC /* Base */ = {isa = PBXFileReference; lastKnownFileType = file.storyboard; name = Base; path = Base.lproj/Main.storyboard; sourceTree = "<group>"; };
		4E56EEBE2C846C73004E28EC /* Assets.xcassets */ = {isa = PBXFileReference; lastKnownFileType = folder.assetcatalog; path = Assets.xcassets; sourceTree = "<group>"; };
		4E56EEC12C846C73004E28EC /* Base */ = {isa = PBXFileReference; lastKnownFileType = file.storyboard; name = Base; path = Base.lproj/LaunchScreen.storyboard; sourceTree = "<group>"; };
		4E56EEC32C846C73004E28EC /* Info.plist */ = {isa = PBXFileReference; lastKnownFileType = text.plist.xml; path = Info.plist; sourceTree = "<group>"; };
		4E56EEC92C84FDA2004E28EC /* VPN.swift */ = {isa = PBXFileReference; lastKnownFileType = sourcecode.swift; path = VPN.swift; sourceTree = "<group>"; };
		4EBB0A972C9874220079F7F5 /* AddNewVPN.swift */ = {isa = PBXFileReference; lastKnownFileType = sourcecode.swift; path = AddNewVPN.swift; sourceTree = "<group>"; };
		4ED9757B2C94ECDE0054697E /* OnBoard.swift */ = {isa = PBXFileReference; lastKnownFileType = sourcecode.swift; path = OnBoard.swift; sourceTree = "<group>"; };
/* End PBXFileReference section */

/* Begin PBXFrameworksBuildPhase section */
		4E56EEAF2C846C71004E28EC /* Frameworks */ = {
			isa = PBXFrameworksBuildPhase;
			buildActionMask = 2147483647;
			files = (
				4E0CF47E2C9763C7004BF4C9 /* StoreKit.framework in Frameworks */,
			);
			runOnlyForDeploymentPostprocessing = 0;
		};
/* End PBXFrameworksBuildPhase section */

/* Begin PBXGroup section */
		4E0CF4752C96059D004BF4C9 /* Model VPN */ = {
			isa = PBXGroup;
			children = (
				4E0CF4732C9602E2004BF4C9 /* ModelVPN.swift */,
				4EBB0A972C9874220079F7F5 /* AddNewVPN.swift */,
				4E56EEC92C84FDA2004E28EC /* VPN.swift */,
			);
			path = "Model VPN";
			sourceTree = "<group>";
		};
		4E0CF4762C9605B7004BF4C9 /* Main */ = {
			isa = PBXGroup;
			children = (
				4E56EEB92C846C71004E28EC /* Main.swift */,
				4E3983752C88CF30001346C5 /* MainCell.swift */,
				4E2F87BC2C9F21DF007F0002 /* ModelMap.swift */,
			);
			path = Main;
			sourceTree = "<group>";
		};
		4E209B732C92DB4C00BA727D /* AddNewServer */ = {
			isa = PBXGroup;
			children = (
				4E209B712C92DA2200BA727D /* AddNewServer.swift */,
			);
			path = AddNewServer;
			sourceTree = "<group>";
		};
		4E56EEA92C846C71004E28EC = {
			isa = PBXGroup;
			children = (
				4E56EEB42C846C71004E28EC /* molodorya.vpn */,
				4E56EEB32C846C71004E28EC /* Products */,
				4E7661A72C946F470018B32D /* Frameworks */,
			);
			sourceTree = "<group>";
		};
		4E56EEB32C846C71004E28EC /* Products */ = {
			isa = PBXGroup;
			children = (
				4E56EEB22C846C71004E28EC /* molodorya.vpn.app */,
			);
			name = Products;
			sourceTree = "<group>";
		};
		4E56EEB42C846C71004E28EC /* molodorya.vpn */ = {
			isa = PBXGroup;
			children = (
				4E56EEB52C846C71004E28EC /* AppDelegate.swift */,
				4E56EEB72C846C71004E28EC /* SceneDelegate.swift */,
				4ED9757B2C94ECDE0054697E /* OnBoard.swift */,
				4E0CF4762C9605B7004BF4C9 /* Main */,
				4E209B732C92DB4C00BA727D /* AddNewServer */,
				4E0CF4752C96059D004BF4C9 /* Model VPN */,
				4E3983772C88D029001346C5 /* Extensions.swift */,
				4E56EEBB2C846C71004E28EC /* Main.storyboard */,
				4E56EEBE2C846C73004E28EC /* Assets.xcassets */,
				4E56EEC02C846C73004E28EC /* LaunchScreen.storyboard */,
				4E56EEC32C846C73004E28EC /* Info.plist */,
				4E3910412C90A440007C58AD /* molodorya.vpn.entitlements */,
			);
			path = molodorya.vpn;
			sourceTree = "<group>";
		};
		4E7661A72C946F470018B32D /* Frameworks */ = {
			isa = PBXGroup;
			children = (
				4E0CF47D2C9763C7004BF4C9 /* StoreKit.framework */,
				4E0CF4572C95F07C004BF4C9 /* WidgetKit.framework */,
				4E0CF4592C95F07D004BF4C9 /* SwiftUI.framework */,
			);
			name = Frameworks;
			sourceTree = "<group>";
		};
/* End PBXGroup section */

/* Begin PBXNativeTarget section */
		4E56EEB12C846C71004E28EC /* molodorya.vpn */ = {
			isa = PBXNativeTarget;
			buildConfigurationList = 4E56EEC62C846C73004E28EC /* Build configuration list for PBXNativeTarget "molodorya.vpn" */;
			buildPhases = (
				4E56EEAE2C846C71004E28EC /* Sources */,
				4E56EEAF2C846C71004E28EC /* Frameworks */,
				4E56EEB02C846C71004E28EC /* Resources */,
				4E0CF46D2C95F07E004BF4C9 /* Embed Foundation Extensions */,
			);
			buildRules = (
			);
			dependencies = (
			);
			name = molodorya.vpn;
			productName = molodorya.vpn;
			productReference = 4E56EEB22C846C71004E28EC /* molodorya.vpn.app */;
			productType = "com.apple.product-type.application";
		};
/* End PBXNativeTarget section */

/* Begin PBXProject section */
		4E56EEAA2C846C71004E28EC /* Project object */ = {
			isa = PBXProject;
			attributes = {
				BuildIndependentTargetsInParallel = 1;
				LastSwiftUpdateCheck = 1540;
				LastUpgradeCheck = 1540;
				TargetAttributes = {
					4E56EEB12C846C71004E28EC = {
						CreatedOnToolsVersion = 15.4;
					};
				};
			};
			buildConfigurationList = 4E56EEAD2C846C71004E28EC /* Build configuration list for PBXProject "molodorya.vpn" */;
			compatibilityVersion = "Xcode 14.0";
			developmentRegion = en;
			hasScannedForEncodings = 0;
			knownRegions = (
				en,
				Base,
			);
			mainGroup = 4E56EEA92C846C71004E28EC;
			productRefGroup = 4E56EEB32C846C71004E28EC /* Products */;
			projectDirPath = "";
			projectRoot = "";
			targets = (
				4E56EEB12C846C71004E28EC /* molodorya.vpn */,
			);
		};
/* End PBXProject section */

/* Begin PBXResourcesBuildPhase section */
		4E56EEB02C846C71004E28EC /* Resources */ = {
			isa = PBXResourcesBuildPhase;
			buildActionMask = 2147483647;
			files = (
				4E56EEBF2C846C73004E28EC /* Assets.xcassets in Resources */,
				4E56EEC22C846C73004E28EC /* Base in Resources */,
				4E56EEBD2C846C71004E28EC /* Base in Resources */,
			);
			runOnlyForDeploymentPostprocessing = 0;
		};
/* End PBXResourcesBuildPhase section */

/* Begin PBXSourcesBuildPhase section */
		4E56EEAE2C846C71004E28EC /* Sources */ = {
			isa = PBXSourcesBuildPhase;
			buildActionMask = 2147483647;
			files = (
				4E209B722C92DA2200BA727D /* AddNewServer.swift in Sources */,
				4E2F87BD2C9F21DF007F0002 /* ModelMap.swift in Sources */,
				4E56EECA2C84FDA2004E28EC /* VPN.swift in Sources */,
				4E3983782C88D029001346C5 /* Extensions.swift in Sources */,
				4E56EEBA2C846C71004E28EC /* Main.swift in Sources */,
				4E56EEB62C846C71004E28EC /* AppDelegate.swift in Sources */,
				4E0CF4742C9602E2004BF4C9 /* ModelVPN.swift in Sources */,
				4E56EEB82C846C71004E28EC /* SceneDelegate.swift in Sources */,
				4EBB0A982C9874220079F7F5 /* AddNewVPN.swift in Sources */,
				4ED9757C2C94ECDE0054697E /* OnBoard.swift in Sources */,
				4E3983762C88CF30001346C5 /* MainCell.swift in Sources */,
			);
			runOnlyForDeploymentPostprocessing = 0;
		};
/* End PBXSourcesBuildPhase section */

/* Begin PBXVariantGroup section */
		4E56EEBB2C846C71004E28EC /* Main.storyboard */ = {
			isa = PBXVariantGroup;
			children = (
				4E56EEBC2C846C71004E28EC /* Base */,
			);
			name = Main.storyboard;
			sourceTree = "<group>";
		};
		4E56EEC02C846C73004E28EC /* LaunchScreen.storyboard */ = {
			isa = PBXVariantGroup;
			children = (
				4E56EEC12C846C73004E28EC /* Base */,
			);
			name = LaunchScreen.storyboard;
			sourceTree = "<group>";
		};
/* End PBXVariantGroup section */

/* Begin XCBuildConfiguration section */
		4E56EEC42C846C73004E28EC /* Debug */ = {
			isa = XCBuildConfiguration;
			buildSettings = {
				ALWAYS_SEARCH_USER_PATHS = NO;
				ASSETCATALOG_COMPILER_GENERATE_SWIFT_ASSET_SYMBOL_EXTENSIONS = YES;
				CLANG_ANALYZER_NONNULL = YES;
				CLANG_ANALYZER_NUMBER_OBJECT_CONVERSION = YES_AGGRESSIVE;
				CLANG_CXX_LANGUAGE_STANDARD = "gnu++20";
				CLANG_ENABLE_MODULES = YES;
				CLANG_ENABLE_OBJC_ARC = YES;
				CLANG_ENABLE_OBJC_WEAK = YES;
				CLANG_WARN_BLOCK_CAPTURE_AUTORELEASING = YES;
				CLANG_WARN_BOOL_CONVERSION = YES;
				CLANG_WARN_COMMA = YES;
				CLANG_WARN_CONSTANT_CONVERSION = YES;
				CLANG_WARN_DEPRECATED_OBJC_IMPLEMENTATIONS = YES;
				CLANG_WARN_DIRECT_OBJC_ISA_USAGE = YES_ERROR;
				CLANG_WARN_DOCUMENTATION_COMMENTS = YES;
				CLANG_WARN_EMPTY_BODY = YES;
				CLANG_WARN_ENUM_CONVERSION = YES;
				CLANG_WARN_INFINITE_RECURSION = YES;
				CLANG_WARN_INT_CONVERSION = YES;
				CLANG_WARN_NON_LITERAL_NULL_CONVERSION = YES;
				CLANG_WARN_OBJC_IMPLICIT_RETAIN_SELF = YES;
				CLANG_WARN_OBJC_LITERAL_CONVERSION = YES;
				CLANG_WARN_OBJC_ROOT_CLASS = YES_ERROR;
				CLANG_WARN_QUOTED_INCLUDE_IN_FRAMEWORK_HEADER = YES;
				CLANG_WARN_RANGE_LOOP_ANALYSIS = YES;
				CLANG_WARN_STRICT_PROTOTYPES = YES;
				CLANG_WARN_SUSPICIOUS_MOVE = YES;
				CLANG_WARN_UNGUARDED_AVAILABILITY = YES_AGGRESSIVE;
				CLANG_WARN_UNREACHABLE_CODE = YES;
				CLANG_WARN__DUPLICATE_METHOD_MATCH = YES;
				COPY_PHASE_STRIP = NO;
				DEBUG_INFORMATION_FORMAT = dwarf;
				ENABLE_STRICT_OBJC_MSGSEND = YES;
				ENABLE_TESTABILITY = YES;
				ENABLE_USER_SCRIPT_SANDBOXING = YES;
				GCC_C_LANGUAGE_STANDARD = gnu17;
				GCC_DYNAMIC_NO_PIC = NO;
				GCC_NO_COMMON_BLOCKS = YES;
				GCC_OPTIMIZATION_LEVEL = 0;
				GCC_PREPROCESSOR_DEFINITIONS = (
					"DEBUG=1",
					"$(inherited)",
				);
				GCC_WARN_64_TO_32_BIT_CONVERSION = YES;
				GCC_WARN_ABOUT_RETURN_TYPE = YES_ERROR;
				GCC_WARN_UNDECLARED_SELECTOR = YES;
				GCC_WARN_UNINITIALIZED_AUTOS = YES_AGGRESSIVE;
				GCC_WARN_UNUSED_FUNCTION = YES;
				GCC_WARN_UNUSED_VARIABLE = YES;
				IPHONEOS_DEPLOYMENT_TARGET = 17.5;
				LOCALIZATION_PREFERS_STRING_CATALOGS = YES;
				MTL_ENABLE_DEBUG_INFO = INCLUDE_SOURCE;
				MTL_FAST_MATH = YES;
				ONLY_ACTIVE_ARCH = YES;
				SDKROOT = iphoneos;
				SWIFT_ACTIVE_COMPILATION_CONDITIONS = "DEBUG $(inherited)";
				SWIFT_OPTIMIZATION_LEVEL = "-Onone";
			};
			name = Debug;
		};
		4E56EEC52C846C73004E28EC /* Release */ = {
			isa = XCBuildConfiguration;
			buildSettings = {
				ALWAYS_SEARCH_USER_PATHS = NO;
				ASSETCATALOG_COMPILER_GENERATE_SWIFT_ASSET_SYMBOL_EXTENSIONS = YES;
				CLANG_ANALYZER_NONNULL = YES;
				CLANG_ANALYZER_NUMBER_OBJECT_CONVERSION = YES_AGGRESSIVE;
				CLANG_CXX_LANGUAGE_STANDARD = "gnu++20";
				CLANG_ENABLE_MODULES = YES;
				CLANG_ENABLE_OBJC_ARC = YES;
				CLANG_ENABLE_OBJC_WEAK = YES;
				CLANG_WARN_BLOCK_CAPTURE_AUTORELEASING = YES;
				CLANG_WARN_BOOL_CONVERSION = YES;
				CLANG_WARN_COMMA = YES;
				CLANG_WARN_CONSTANT_CONVERSION = YES;
				CLANG_WARN_DEPRECATED_OBJC_IMPLEMENTATIONS = YES;
				CLANG_WARN_DIRECT_OBJC_ISA_USAGE = YES_ERROR;
				CLANG_WARN_DOCUMENTATION_COMMENTS = YES;
				CLANG_WARN_EMPTY_BODY = YES;
				CLANG_WARN_ENUM_CONVERSION = YES;
				CLANG_WARN_INFINITE_RECURSION = YES;
				CLANG_WARN_INT_CONVERSION = YES;
				CLANG_WARN_NON_LITERAL_NULL_CONVERSION = YES;
				CLANG_WARN_OBJC_IMPLICIT_RETAIN_SELF = YES;
				CLANG_WARN_OBJC_LITERAL_CONVERSION = YES;
				CLANG_WARN_OBJC_ROOT_CLASS = YES_ERROR;
				CLANG_WARN_QUOTED_INCLUDE_IN_FRAMEWORK_HEADER = YES;
				CLANG_WARN_RANGE_LOOP_ANALYSIS = YES;
				CLANG_WARN_STRICT_PROTOTYPES = YES;
				CLANG_WARN_SUSPICIOUS_MOVE = YES;
				CLANG_WARN_UNGUARDED_AVAILABILITY = YES_AGGRESSIVE;
				CLANG_WARN_UNREACHABLE_CODE = YES;
				CLANG_WARN__DUPLICATE_METHOD_MATCH = YES;
				COPY_PHASE_STRIP = NO;
				DEBUG_INFORMATION_FORMAT = "dwarf-with-dsym";
				ENABLE_NS_ASSERTIONS = NO;
				ENABLE_STRICT_OBJC_MSGSEND = YES;
				ENABLE_USER_SCRIPT_SANDBOXING = YES;
				GCC_C_LANGUAGE_STANDARD = gnu17;
				GCC_NO_COMMON_BLOCKS = YES;
				GCC_WARN_64_TO_32_BIT_CONVERSION = YES;
				GCC_WARN_ABOUT_RETURN_TYPE = YES_ERROR;
				GCC_WARN_UNDECLARED_SELECTOR = YES;
				GCC_WARN_UNINITIALIZED_AUTOS = YES_AGGRESSIVE;
				GCC_WARN_UNUSED_FUNCTION = YES;
				GCC_WARN_UNUSED_VARIABLE = YES;
				IPHONEOS_DEPLOYMENT_TARGET = 17.5;
				LOCALIZATION_PREFERS_STRING_CATALOGS = YES;
				MTL_ENABLE_DEBUG_INFO = NO;
				MTL_FAST_MATH = YES;
				SDKROOT = iphoneos;
				SWIFT_COMPILATION_MODE = wholemodule;
				VALIDATE_PRODUCT = YES;
			};
			name = Release;
		};
		4E56EEC72C846C73004E28EC /* Debug */ = {
			isa = XCBuildConfiguration;
			buildSettings = {
				ASSETCATALOG_COMPILER_APPICON_NAME = AppIcon;
				ASSETCATALOG_COMPILER_GLOBAL_ACCENT_COLOR_NAME = AccentColor;
				CODE_SIGN_ENTITLEMENTS = molodorya.vpn/molodorya.vpn.entitlements;
				CODE_SIGN_STYLE = Automatic;
				CURRENT_PROJECT_VERSION = 1;
				DEVELOPMENT_TEAM = 2HZH3XUR69;
				GENERATE_INFOPLIST_FILE = YES;
				INFOPLIST_FILE = molodorya.vpn/Info.plist;
				INFOPLIST_KEY_CFBundleDisplayName = "Gradient VPN";
				INFOPLIST_KEY_LSApplicationCategoryType = "public.app-category.utilities";
				INFOPLIST_KEY_NSLocationWhenInUseUsageDescription = "Ваша локация нужна для отображение вашей иконки на карте и подсчета расстояния.";
				INFOPLIST_KEY_UIApplicationSupportsIndirectInputEvents = YES;
				INFOPLIST_KEY_UILaunchStoryboardName = LaunchScreen;
				INFOPLIST_KEY_UIMainStoryboardFile = Main;
				INFOPLIST_KEY_UISupportedInterfaceOrientations = UIInterfaceOrientationPortrait;
				INFOPLIST_KEY_UISupportedInterfaceOrientations_iPad = "UIInterfaceOrientationLandscapeLeft UIInterfaceOrientationLandscapeRight UIInterfaceOrientationPortrait UIInterfaceOrientationPortraitUpsideDown";
				IPHONEOS_DEPLOYMENT_TARGET = 12.0;
				LD_RUNPATH_SEARCH_PATHS = (
					"$(inherited)",
					"@executable_path/Frameworks",
				);
				MARKETING_VERSION = 1.0;
				PRODUCT_BUNDLE_IDENTIFIER = "molodorya.molodorya-vpn";
				PRODUCT_NAME = "$(TARGET_NAME)";
				SWIFT_EMIT_LOC_STRINGS = YES;
				SWIFT_VERSION = 5.0;
				TARGETED_DEVICE_FAMILY = "1,2";
			};
			name = Debug;
		};
		4E56EEC82C846C73004E28EC /* Release */ = {
			isa = XCBuildConfiguration;
			buildSettings = {
				ASSETCATALOG_COMPILER_APPICON_NAME = AppIcon;
				ASSETCATALOG_COMPILER_GLOBAL_ACCENT_COLOR_NAME = AccentColor;
				CODE_SIGN_ENTITLEMENTS = molodorya.vpn/molodorya.vpn.entitlements;
				CODE_SIGN_STYLE = Automatic;
				CURRENT_PROJECT_VERSION = 1;
				DEVELOPMENT_TEAM = 2HZH3XUR69;
				GENERATE_INFOPLIST_FILE = YES;
				INFOPLIST_FILE = molodorya.vpn/Info.plist;
				INFOPLIST_KEY_CFBundleDisplayName = "Gradient VPN";
				INFOPLIST_KEY_LSApplicationCategoryType = "public.app-category.utilities";
				INFOPLIST_KEY_NSLocationWhenInUseUsageDescription = "Ваша локация нужна для отображение вашей иконки на карте и подсчета расстояния.";
				INFOPLIST_KEY_UIApplicationSupportsIndirectInputEvents = YES;
				INFOPLIST_KEY_UILaunchStoryboardName = LaunchScreen;
				INFOPLIST_KEY_UIMainStoryboardFile = Main;
				INFOPLIST_KEY_UISupportedInterfaceOrientations = UIInterfaceOrientationPortrait;
				INFOPLIST_KEY_UISupportedInterfaceOrientations_iPad = "UIInterfaceOrientationLandscapeLeft UIInterfaceOrientationLandscapeRight UIInterfaceOrientationPortrait UIInterfaceOrientationPortraitUpsideDown";
				IPHONEOS_DEPLOYMENT_TARGET = 12.0;
				LD_RUNPATH_SEARCH_PATHS = (
					"$(inherited)",
					"@executable_path/Frameworks",
				);
				MARKETING_VERSION = 1.0;
				PRODUCT_BUNDLE_IDENTIFIER = "molodorya.molodorya-vpn";
				PRODUCT_NAME = "$(TARGET_NAME)";
				SWIFT_EMIT_LOC_STRINGS = YES;
				SWIFT_VERSION = 5.0;
				TARGETED_DEVICE_FAMILY = "1,2";
			};
			name = Release;
		};
/* End XCBuildConfiguration section */

/* Begin XCConfigurationList section */
		4E56EEAD2C846C71004E28EC /* Build configuration list for PBXProject "molodorya.vpn" */ = {
			isa = XCConfigurationList;
			buildConfigurations = (
				4E56EEC42C846C73004E28EC /* Debug */,
				4E56EEC52C846C73004E28EC /* Release */,
			);
			defaultConfigurationIsVisible = 0;
			defaultConfigurationName = Release;
		};
		4E56EEC62C846C73004E28EC /* Build configuration list for PBXNativeTarget "molodorya.vpn" */ = {
			isa = XCConfigurationList;
			buildConfigurations = (
				4E56EEC72C846C73004E28EC /* Debug */,
				4E56EEC82C846C73004E28EC /* Release */,
			);
			defaultConfigurationIsVisible = 0;
			defaultConfigurationName = Release;
		};
/* End XCConfigurationList section */
	};
	rootObject = 4E56EEAA2C846C71004E28EC /* Project object */;
}
